// !$*UTF8*$!
{
	archiveVersion = 1;
	classes = {
	};
	objectVersion = 56;
	objects = {

/* Begin PBXBuildFile section */
		581B2AF42A6D07C600E27F93 /* Login.swift in Sources */ = {isa = PBXBuildFile; fileRef = 581B2AF32A6D07C600E27F93 /* Login.swift */; };
		588C8C9C2A6ABE8500DD8A65 /* SquareIconView.swift in Sources */ = {isa = PBXBuildFile; fileRef = 588C8C9B2A6ABE8500DD8A65 /* SquareIconView.swift */; };
		A00913162A430B1600057B4E /* Theme.swift in Sources */ = {isa = PBXBuildFile; fileRef = A00913152A430B1600057B4E /* Theme.swift */; };
		A00913182A432D7F00057B4E /* Avatar.swift in Sources */ = {isa = PBXBuildFile; fileRef = A00913172A432D7F00057B4E /* Avatar.swift */; };
		A01E31912A42D39D0044E25F /* Home.swift in Sources */ = {isa = PBXBuildFile; fileRef = A01E31902A42D39D0044E25F /* Home.swift */; };
		A01E31932A42D5330044E25F /* Analysis.swift in Sources */ = {isa = PBXBuildFile; fileRef = A01E31922A42D5330044E25F /* Analysis.swift */; };
		A02A84302A482C20003255A5 /* VoiceBgAnimation.swift in Sources */ = {isa = PBXBuildFile; fileRef = A02A842F2A482C20003255A5 /* VoiceBgAnimation.swift */; };
		A02A84322A482FBC003255A5 /* VoiceAnimation.swift in Sources */ = {isa = PBXBuildFile; fileRef = A02A84312A482FBC003255A5 /* VoiceAnimation.swift */; };
		A0300C472A4449E20056496E /* MyTabBar.swift in Sources */ = {isa = PBXBuildFile; fileRef = A0300C462A4449E20056496E /* MyTabBar.swift */; };
		A0300C502A446E010056496E /* EnterWay.swift in Sources */ = {isa = PBXBuildFile; fileRef = A0300C4F2A446E010056496E /* EnterWay.swift */; };
		A0300C542A446EFD0056496E /* EnterInput.swift in Sources */ = {isa = PBXBuildFile; fileRef = A0300C532A446EFD0056496E /* EnterInput.swift */; };
		A03B6D152A6D316B00FFC5E2 /* AnimViolin.swift in Sources */ = {isa = PBXBuildFile; fileRef = A03B6D142A6D316B00FFC5E2 /* AnimViolin.swift */; };
		A040AD542A77D511002EF68A /* CountDown.swift in Sources */ = {isa = PBXBuildFile; fileRef = A040AD532A77D511002EF68A /* CountDown.swift */; };
		A04255CF2A69095100D38A16 /* Brush.swift in Sources */ = {isa = PBXBuildFile; fileRef = A04255CE2A69095100D38A16 /* Brush.swift */; };
		A04255D12A6916A500D38A16 /* AnimCheck.swift in Sources */ = {isa = PBXBuildFile; fileRef = A04255D02A6916A500D38A16 /* AnimCheck.swift */; };
		A04255D32A6916C000D38A16 /* AnimCheckCircle.swift in Sources */ = {isa = PBXBuildFile; fileRef = A04255D22A6916C000D38A16 /* AnimCheckCircle.swift */; };
		A045D3102A7A31B70009EF7B /* User.swift in Sources */ = {isa = PBXBuildFile; fileRef = A045D30F2A7A31B70009EF7B /* User.swift */; };
		A045D3122A7A37AA0009EF7B /* DataUtil.swift in Sources */ = {isa = PBXBuildFile; fileRef = A045D3112A7A37AA0009EF7B /* DataUtil.swift */; };
		A045FA112A448DFF00F7A85C /* CountDown.swift in Sources */ = {isa = PBXBuildFile; fileRef = A045FA102A448DFF00F7A85C /* CountDown.swift */; };
		A0581F802A41DBEF00710C4B /* BrushApp.swift in Sources */ = {isa = PBXBuildFile; fileRef = A0581F7F2A41DBEF00710C4B /* BrushApp.swift */; };
		A0581F822A41DBEF00710C4B /* ContentView.swift in Sources */ = {isa = PBXBuildFile; fileRef = A0581F812A41DBEF00710C4B /* ContentView.swift */; };
		A0581F842A41DBEF00710C4B /* Assets.xcassets in Resources */ = {isa = PBXBuildFile; fileRef = A0581F832A41DBEF00710C4B /* Assets.xcassets */; };
		A0581F872A41DBEF00710C4B /* Preview Assets.xcassets in Resources */ = {isa = PBXBuildFile; fileRef = A0581F862A41DBEF00710C4B /* Preview Assets.xcassets */; };
		A0581F912A41DBEF00710C4B /* BrushTests.swift in Sources */ = {isa = PBXBuildFile; fileRef = A0581F902A41DBEF00710C4B /* BrushTests.swift */; };
		A0581F9B2A41DBEF00710C4B /* BrushUITests.swift in Sources */ = {isa = PBXBuildFile; fileRef = A0581F9A2A41DBEF00710C4B /* BrushUITests.swift */; };
		A0581F9D2A41DBEF00710C4B /* BrushUITestsLaunchTests.swift in Sources */ = {isa = PBXBuildFile; fileRef = A0581F9C2A41DBEF00710C4B /* BrushUITestsLaunchTests.swift */; };
		A0581FA32A41DBEF00710C4B /* TuneBrush.app in Embed Watch Content */ = {isa = PBXBuildFile; fileRef = A0581FA22A41DBEF00710C4B /* TuneBrush.app */; settings = {ATTRIBUTES = (RemoveHeadersOnCopy, ); }; };
		A0581FA82A41DBEF00710C4B /* BrushApp.swift in Sources */ = {isa = PBXBuildFile; fileRef = A0581FA72A41DBEF00710C4B /* BrushApp.swift */; };
		A0581FAA2A41DBEF00710C4B /* ContentView.swift in Sources */ = {isa = PBXBuildFile; fileRef = A0581FA92A41DBEF00710C4B /* ContentView.swift */; };
		A0581FAC2A41DBF000710C4B /* Assets.xcassets in Resources */ = {isa = PBXBuildFile; fileRef = A0581FAB2A41DBF000710C4B /* Assets.xcassets */; };
		A0581FAF2A41DBF000710C4B /* Preview Assets.xcassets in Resources */ = {isa = PBXBuildFile; fileRef = A0581FAE2A41DBF000710C4B /* Preview Assets.xcassets */; };
		A0581FB92A41DBF000710C4B /* Brush_Watch_AppTests.swift in Sources */ = {isa = PBXBuildFile; fileRef = A0581FB82A41DBF000710C4B /* Brush_Watch_AppTests.swift */; };
		A0581FC32A41DBF000710C4B /* Brush_Watch_AppUITests.swift in Sources */ = {isa = PBXBuildFile; fileRef = A0581FC22A41DBF000710C4B /* Brush_Watch_AppUITests.swift */; };
		A0581FC52A41DBF000710C4B /* Brush_Watch_AppUITestsLaunchTests.swift in Sources */ = {isa = PBXBuildFile; fileRef = A0581FC42A41DBF000710C4B /* Brush_Watch_AppUITestsLaunchTests.swift */; };
		A0581FDD2A41DC4900710C4B /* ComposableArchitecture in Frameworks */ = {isa = PBXBuildFile; productRef = A0581FDC2A41DC4900710C4B /* ComposableArchitecture */; };
		A0581FDF2A41E7F900710C4B /* Route.swift in Sources */ = {isa = PBXBuildFile; fileRef = A0581FDE2A41E7F900710C4B /* Route.swift */; };
		A06684D62A42E12400D27BF3 /* Mine.swift in Sources */ = {isa = PBXBuildFile; fileRef = A06684D52A42E12400D27BF3 /* Mine.swift */; };
		A06684D82A42E32800D27BF3 /* Record.swift in Sources */ = {isa = PBXBuildFile; fileRef = A06684D72A42E32800D27BF3 /* Record.swift */; };
		A06684DA2A42E35E00D27BF3 /* Tune.swift in Sources */ = {isa = PBXBuildFile; fileRef = A06684D92A42E35E00D27BF3 /* Tune.swift */; };
		A06684E22A42F82F00D27BF3 /* Card.swift in Sources */ = {isa = PBXBuildFile; fileRef = A06684E12A42F82F00D27BF3 /* Card.swift */; };
		A06890802A6AAEF400AD2374 /* AnimNote.swift in Sources */ = {isa = PBXBuildFile; fileRef = A068907F2A6AAEF400AD2374 /* AnimNote.swift */; };
		A06890822A6AC3F600AD2374 /* RandomUtil.swift in Sources */ = {isa = PBXBuildFile; fileRef = A06890812A6AC3F600AD2374 /* RandomUtil.swift */; };
		A06B6E252A7A23B3001614D4 /* ApiClient.swift in Sources */ = {isa = PBXBuildFile; fileRef = A06B6E242A7A23B3001614D4 /* ApiClient.swift */; };
		A06B6E272A7A25B7001614D4 /* Response.swift in Sources */ = {isa = PBXBuildFile; fileRef = A06B6E262A7A25B7001614D4 /* Response.swift */; };
		A06B6E292A7A2799001614D4 /* Url.swift in Sources */ = {isa = PBXBuildFile; fileRef = A06B6E282A7A2799001614D4 /* Url.swift */; };
		A07ED39D2A7A777700466663 /* Moya in Frameworks */ = {isa = PBXBuildFile; productRef = A07ED39C2A7A777700466663 /* Moya */; };
		A09987672A459AB600E2DFFE /* Section.swift in Sources */ = {isa = PBXBuildFile; fileRef = A09987662A459AB600E2DFFE /* Section.swift */; };
		A09987692A459B3600E2DFFE /* BgView.swift in Sources */ = {isa = PBXBuildFile; fileRef = A09987682A459B3600E2DFFE /* BgView.swift */; };
		A09E21982A66C6240012C6BB /* CornerRadius.swift in Sources */ = {isa = PBXBuildFile; fileRef = A09E21972A66C6240012C6BB /* CornerRadius.swift */; };
		A09E219D2A66C86F0012C6BB /* Weight.swift in Sources */ = {isa = PBXBuildFile; fileRef = A09E219C2A66C86F0012C6BB /* Weight.swift */; };
		A09E219F2A66C8810012C6BB /* CornerRadius.swift in Sources */ = {isa = PBXBuildFile; fileRef = A09E219E2A66C8810012C6BB /* CornerRadius.swift */; };
		A0A9FF072A45C64400305294 /* Test.swift in Sources */ = {isa = PBXBuildFile; fileRef = A0A9FF062A45C64400305294 /* Test.swift */; };
		A0A9FF092A45CC8A00305294 /* Rating.swift in Sources */ = {isa = PBXBuildFile; fileRef = A0A9FF082A45CC8A00305294 /* Rating.swift */; };
		A0A9FF0B2A45D39500305294 /* BrushingFinished.swift in Sources */ = {isa = PBXBuildFile; fileRef = A0A9FF0A2A45D39500305294 /* BrushingFinished.swift */; };
		A0A9FF0F2A45DA4200305294 /* Generate.swift in Sources */ = {isa = PBXBuildFile; fileRef = A0A9FF0E2A45DA4200305294 /* Generate.swift */; };
		A0B014152A486D9100838702 /* VoiceAnimation.swift in Sources */ = {isa = PBXBuildFile; fileRef = A0B014142A486D9100838702 /* VoiceAnimation.swift */; };
		A0B553E72A6979AD0016E819 /* SpeakUtil.swift in Sources */ = {isa = PBXBuildFile; fileRef = A0B553E62A6979AD0016E819 /* SpeakUtil.swift */; };
		A0C167E52A78FEB0004B7F51 /* StartBrush.swift in Sources */ = {isa = PBXBuildFile; fileRef = A0C167E42A78FEB0004B7F51 /* StartBrush.swift */; };
		A0C167E72A793148004B7F51 /* ObservableScrollView.swift in Sources */ = {isa = PBXBuildFile; fileRef = A0C167E62A793148004B7F51 /* ObservableScrollView.swift */; };
		A0C167EA2A7944DA004B7F51 /* Main.swift in Sources */ = {isa = PBXBuildFile; fileRef = A0C167E92A7944DA004B7F51 /* Main.swift */; };
		A0C167ED2A795A78004B7F51 /* Constant.swift in Sources */ = {isa = PBXBuildFile; fileRef = A0C167EC2A795A78004B7F51 /* Constant.swift */; };
		A0D6C5052A47C42100C4DA84 /* BgView.swift in Sources */ = {isa = PBXBuildFile; fileRef = A0D6C5042A47C42100C4DA84 /* BgView.swift */; };
		A0D6C5072A47C4AE00C4DA84 /* Theme.swift in Sources */ = {isa = PBXBuildFile; fileRef = A0D6C5062A47C4AE00C4DA84 /* Theme.swift */; };
		A0D6C5092A47C64100C4DA84 /* SectionPre.swift in Sources */ = {isa = PBXBuildFile; fileRef = A0D6C5082A47C64100C4DA84 /* SectionPre.swift */; };
		A0D6C50B2A47C74300C4DA84 /* SectionIng.swift in Sources */ = {isa = PBXBuildFile; fileRef = A0D6C50A2A47C74300C4DA84 /* SectionIng.swift */; };
		A0D6C50D2A47C92100C4DA84 /* SectionEd.swift in Sources */ = {isa = PBXBuildFile; fileRef = A0D6C50C2A47C92100C4DA84 /* SectionEd.swift */; };
		A0D6C5102A47CB0B00C4DA84 /* Finish.swift in Sources */ = {isa = PBXBuildFile; fileRef = A0D6C50F2A47CB0B00C4DA84 /* Finish.swift */; };
		A0D6C5122A47CC2100C4DA84 /* Score.swift in Sources */ = {isa = PBXBuildFile; fileRef = A0D6C5112A47CC2100C4DA84 /* Score.swift */; };
		A0D6C5142A47CC6C00C4DA84 /* RemedySelect.swift in Sources */ = {isa = PBXBuildFile; fileRef = A0D6C5132A47CC6C00C4DA84 /* RemedySelect.swift */; };
		A0D6C5162A47D07C00C4DA84 /* RemedyIng.swift in Sources */ = {isa = PBXBuildFile; fileRef = A0D6C5152A47D07C00C4DA84 /* RemedyIng.swift */; };
		A0D6C5182A47D15B00C4DA84 /* Tip.swift in Sources */ = {isa = PBXBuildFile; fileRef = A0D6C5172A47D15B00C4DA84 /* Tip.swift */; };
		A0D6C51A2A47D1DE00C4DA84 /* ConnectEar.swift in Sources */ = {isa = PBXBuildFile; fileRef = A0D6C5192A47D1DE00C4DA84 /* ConnectEar.swift */; };
		A0D6C51C2A47D52400C4DA84 /* PageView.swift in Sources */ = {isa = PBXBuildFile; fileRef = A0D6C51B2A47D52400C4DA84 /* PageView.swift */; };
		A0DA4B252A46B81E009CA236 /* Result.swift in Sources */ = {isa = PBXBuildFile; fileRef = A0DA4B242A46B81E009CA236 /* Result.swift */; };
		A0DA4B272A46BA45009CA236 /* BrushIcon.swift in Sources */ = {isa = PBXBuildFile; fileRef = A0DA4B262A46BA45009CA236 /* BrushIcon.swift */; };
		A0DA4B2B2A46BEF8009CA236 /* CircularProgress.swift in Sources */ = {isa = PBXBuildFile; fileRef = A0DA4B2A2A46BEF8009CA236 /* CircularProgress.swift */; };
		A0DA4B2E2A46CFAD009CA236 /* SwiftUIPager in Frameworks */ = {isa = PBXBuildFile; productRef = A0DA4B2D2A46CFAD009CA236 /* SwiftUIPager */; };
		A0F5B55D2A681264001D5EA4 /* BgColor.swift in Sources */ = {isa = PBXBuildFile; fileRef = A0F5B55C2A681264001D5EA4 /* BgColor.swift */; };
		A0F5B5622A681645001D5EA4 /* Section.swift in Sources */ = {isa = PBXBuildFile; fileRef = A0F5B5612A681645001D5EA4 /* Section.swift */; };
		A0F5B5652A6817C2001D5EA4 /* SectionUtil.swift in Sources */ = {isa = PBXBuildFile; fileRef = A0F5B5642A6817C2001D5EA4 /* SectionUtil.swift */; };
		A0F5B5672A682D3A001D5EA4 /* CircularProgress.swift in Sources */ = {isa = PBXBuildFile; fileRef = A0F5B5662A682D3A001D5EA4 /* CircularProgress.swift */; };
		A0F5D5BC2A46FE1D00C4091D /* HotWord.swift in Sources */ = {isa = PBXBuildFile; fileRef = A0F5D5BB2A46FE1D00C4091D /* HotWord.swift */; };
		A0F5D5BE2A47202300C4091D /* Start.swift in Sources */ = {isa = PBXBuildFile; fileRef = A0F5D5BD2A47202300C4091D /* Start.swift */; };
/* End PBXBuildFile section */

/* Begin PBXContainerItemProxy section */
		A0581F8D2A41DBEF00710C4B /* PBXContainerItemProxy */ = {
			isa = PBXContainerItemProxy;
			containerPortal = A0581F742A41DBEF00710C4B /* Project object */;
			proxyType = 1;
			remoteGlobalIDString = A0581F7B2A41DBEF00710C4B;
			remoteInfo = Brush;
		};
		A0581F972A41DBEF00710C4B /* PBXContainerItemProxy */ = {
			isa = PBXContainerItemProxy;
			containerPortal = A0581F742A41DBEF00710C4B /* Project object */;
			proxyType = 1;
			remoteGlobalIDString = A0581F7B2A41DBEF00710C4B;
			remoteInfo = Brush;
		};
		A0581FA42A41DBEF00710C4B /* PBXContainerItemProxy */ = {
			isa = PBXContainerItemProxy;
			containerPortal = A0581F742A41DBEF00710C4B /* Project object */;
			proxyType = 1;
			remoteGlobalIDString = A0581FA12A41DBEF00710C4B;
			remoteInfo = "Brush Watch App";
		};
		A0581FB52A41DBF000710C4B /* PBXContainerItemProxy */ = {
			isa = PBXContainerItemProxy;
			containerPortal = A0581F742A41DBEF00710C4B /* Project object */;
			proxyType = 1;
			remoteGlobalIDString = A0581FA12A41DBEF00710C4B;
			remoteInfo = "Brush Watch App";
		};
		A0581FBF2A41DBF000710C4B /* PBXContainerItemProxy */ = {
			isa = PBXContainerItemProxy;
			containerPortal = A0581F742A41DBEF00710C4B /* Project object */;
			proxyType = 1;
			remoteGlobalIDString = A0581FA12A41DBEF00710C4B;
			remoteInfo = "Brush Watch App";
		};
/* End PBXContainerItemProxy section */

/* Begin PBXCopyFilesBuildPhase section */
		A0581FCB2A41DBF000710C4B /* Embed Watch Content */ = {
			isa = PBXCopyFilesBuildPhase;
			buildActionMask = 2147483647;
			dstPath = "$(CONTENTS_FOLDER_PATH)/Watch";
			dstSubfolderSpec = 16;
			files = (
				A0581FA32A41DBEF00710C4B /* TuneBrush.app in Embed Watch Content */,
			);
			name = "Embed Watch Content";
			runOnlyForDeploymentPostprocessing = 0;
		};
/* End PBXCopyFilesBuildPhase section */

/* Begin PBXFileReference section */
		581B2AF32A6D07C600E27F93 /* Login.swift */ = {isa = PBXFileReference; lastKnownFileType = sourcecode.swift; path = Login.swift; sourceTree = "<group>"; };
		588C8C9B2A6ABE8500DD8A65 /* SquareIconView.swift */ = {isa = PBXFileReference; lastKnownFileType = sourcecode.swift; path = SquareIconView.swift; sourceTree = "<group>"; };
		A00913152A430B1600057B4E /* Theme.swift */ = {isa = PBXFileReference; lastKnownFileType = sourcecode.swift; path = Theme.swift; sourceTree = "<group>"; };
		A00913172A432D7F00057B4E /* Avatar.swift */ = {isa = PBXFileReference; lastKnownFileType = sourcecode.swift; path = Avatar.swift; sourceTree = "<group>"; };
		A01E31902A42D39D0044E25F /* Home.swift */ = {isa = PBXFileReference; lastKnownFileType = sourcecode.swift; path = Home.swift; sourceTree = "<group>"; };
		A01E31922A42D5330044E25F /* Analysis.swift */ = {isa = PBXFileReference; lastKnownFileType = sourcecode.swift; path = Analysis.swift; sourceTree = "<group>"; };
		A02A842F2A482C20003255A5 /* VoiceBgAnimation.swift */ = {isa = PBXFileReference; lastKnownFileType = sourcecode.swift; path = VoiceBgAnimation.swift; sourceTree = "<group>"; };
		A02A84312A482FBC003255A5 /* VoiceAnimation.swift */ = {isa = PBXFileReference; lastKnownFileType = sourcecode.swift; path = VoiceAnimation.swift; sourceTree = "<group>"; };
		A0300C462A4449E20056496E /* MyTabBar.swift */ = {isa = PBXFileReference; lastKnownFileType = sourcecode.swift; path = MyTabBar.swift; sourceTree = "<group>"; };
		A0300C4F2A446E010056496E /* EnterWay.swift */ = {isa = PBXFileReference; lastKnownFileType = sourcecode.swift; path = EnterWay.swift; sourceTree = "<group>"; };
		A0300C532A446EFD0056496E /* EnterInput.swift */ = {isa = PBXFileReference; lastKnownFileType = sourcecode.swift; path = EnterInput.swift; sourceTree = "<group>"; };
		A03B6D142A6D316B00FFC5E2 /* AnimViolin.swift */ = {isa = PBXFileReference; lastKnownFileType = sourcecode.swift; path = AnimViolin.swift; sourceTree = "<group>"; };
		A040AD532A77D511002EF68A /* CountDown.swift */ = {isa = PBXFileReference; lastKnownFileType = sourcecode.swift; path = CountDown.swift; sourceTree = "<group>"; };
		A04255CE2A69095100D38A16 /* Brush.swift */ = {isa = PBXFileReference; lastKnownFileType = sourcecode.swift; path = Brush.swift; sourceTree = "<group>"; };
		A04255D02A6916A500D38A16 /* AnimCheck.swift */ = {isa = PBXFileReference; lastKnownFileType = sourcecode.swift; path = AnimCheck.swift; sourceTree = "<group>"; };
		A04255D22A6916C000D38A16 /* AnimCheckCircle.swift */ = {isa = PBXFileReference; lastKnownFileType = sourcecode.swift; path = AnimCheckCircle.swift; sourceTree = "<group>"; };
		A045D30F2A7A31B70009EF7B /* User.swift */ = {isa = PBXFileReference; lastKnownFileType = sourcecode.swift; path = User.swift; sourceTree = "<group>"; };
		A045D3112A7A37AA0009EF7B /* DataUtil.swift */ = {isa = PBXFileReference; lastKnownFileType = sourcecode.swift; path = DataUtil.swift; sourceTree = "<group>"; };
		A045FA102A448DFF00F7A85C /* CountDown.swift */ = {isa = PBXFileReference; lastKnownFileType = sourcecode.swift; path = CountDown.swift; sourceTree = "<group>"; };
		A0581F7C2A41DBEF00710C4B /* Brush.app */ = {isa = PBXFileReference; explicitFileType = wrapper.application; includeInIndex = 0; path = Brush.app; sourceTree = BUILT_PRODUCTS_DIR; };
		A0581F7F2A41DBEF00710C4B /* BrushApp.swift */ = {isa = PBXFileReference; lastKnownFileType = sourcecode.swift; path = BrushApp.swift; sourceTree = "<group>"; };
		A0581F812A41DBEF00710C4B /* ContentView.swift */ = {isa = PBXFileReference; lastKnownFileType = sourcecode.swift; path = ContentView.swift; sourceTree = "<group>"; };
		A0581F832A41DBEF00710C4B /* Assets.xcassets */ = {isa = PBXFileReference; lastKnownFileType = folder.assetcatalog; path = Assets.xcassets; sourceTree = "<group>"; };
		A0581F862A41DBEF00710C4B /* Preview Assets.xcassets */ = {isa = PBXFileReference; lastKnownFileType = folder.assetcatalog; path = "Preview Assets.xcassets"; sourceTree = "<group>"; };
		A0581F8C2A41DBEF00710C4B /* BrushTests.xctest */ = {isa = PBXFileReference; explicitFileType = wrapper.cfbundle; includeInIndex = 0; path = BrushTests.xctest; sourceTree = BUILT_PRODUCTS_DIR; };
		A0581F902A41DBEF00710C4B /* BrushTests.swift */ = {isa = PBXFileReference; lastKnownFileType = sourcecode.swift; path = BrushTests.swift; sourceTree = "<group>"; };
		A0581F962A41DBEF00710C4B /* BrushUITests.xctest */ = {isa = PBXFileReference; explicitFileType = wrapper.cfbundle; includeInIndex = 0; path = BrushUITests.xctest; sourceTree = BUILT_PRODUCTS_DIR; };
		A0581F9A2A41DBEF00710C4B /* BrushUITests.swift */ = {isa = PBXFileReference; lastKnownFileType = sourcecode.swift; path = BrushUITests.swift; sourceTree = "<group>"; };
		A0581F9C2A41DBEF00710C4B /* BrushUITestsLaunchTests.swift */ = {isa = PBXFileReference; lastKnownFileType = sourcecode.swift; path = BrushUITestsLaunchTests.swift; sourceTree = "<group>"; };
		A0581FA22A41DBEF00710C4B /* TuneBrush.app */ = {isa = PBXFileReference; explicitFileType = wrapper.application; includeInIndex = 0; path = TuneBrush.app; sourceTree = BUILT_PRODUCTS_DIR; };
		A0581FA72A41DBEF00710C4B /* BrushApp.swift */ = {isa = PBXFileReference; lastKnownFileType = sourcecode.swift; path = BrushApp.swift; sourceTree = "<group>"; };
		A0581FA92A41DBEF00710C4B /* ContentView.swift */ = {isa = PBXFileReference; lastKnownFileType = sourcecode.swift; path = ContentView.swift; sourceTree = "<group>"; };
		A0581FAB2A41DBF000710C4B /* Assets.xcassets */ = {isa = PBXFileReference; lastKnownFileType = folder.assetcatalog; path = Assets.xcassets; sourceTree = "<group>"; };
		A0581FAE2A41DBF000710C4B /* Preview Assets.xcassets */ = {isa = PBXFileReference; lastKnownFileType = folder.assetcatalog; path = "Preview Assets.xcassets"; sourceTree = "<group>"; };
		A0581FB42A41DBF000710C4B /* Brush Watch AppTests.xctest */ = {isa = PBXFileReference; explicitFileType = wrapper.cfbundle; includeInIndex = 0; path = "Brush Watch AppTests.xctest"; sourceTree = BUILT_PRODUCTS_DIR; };
		A0581FB82A41DBF000710C4B /* Brush_Watch_AppTests.swift */ = {isa = PBXFileReference; lastKnownFileType = sourcecode.swift; path = Brush_Watch_AppTests.swift; sourceTree = "<group>"; };
		A0581FBE2A41DBF000710C4B /* Brush Watch AppUITests.xctest */ = {isa = PBXFileReference; explicitFileType = wrapper.cfbundle; includeInIndex = 0; path = "Brush Watch AppUITests.xctest"; sourceTree = BUILT_PRODUCTS_DIR; };
		A0581FC22A41DBF000710C4B /* Brush_Watch_AppUITests.swift */ = {isa = PBXFileReference; lastKnownFileType = sourcecode.swift; path = Brush_Watch_AppUITests.swift; sourceTree = "<group>"; };
		A0581FC42A41DBF000710C4B /* Brush_Watch_AppUITestsLaunchTests.swift */ = {isa = PBXFileReference; lastKnownFileType = sourcecode.swift; path = Brush_Watch_AppUITestsLaunchTests.swift; sourceTree = "<group>"; };
		A0581FDE2A41E7F900710C4B /* Route.swift */ = {isa = PBXFileReference; lastKnownFileType = sourcecode.swift; path = Route.swift; sourceTree = "<group>"; };
		A06684D52A42E12400D27BF3 /* Mine.swift */ = {isa = PBXFileReference; lastKnownFileType = sourcecode.swift; path = Mine.swift; sourceTree = "<group>"; };
		A06684D72A42E32800D27BF3 /* Record.swift */ = {isa = PBXFileReference; lastKnownFileType = sourcecode.swift; path = Record.swift; sourceTree = "<group>"; };
		A06684D92A42E35E00D27BF3 /* Tune.swift */ = {isa = PBXFileReference; lastKnownFileType = sourcecode.swift; path = Tune.swift; sourceTree = "<group>"; };
		A06684E12A42F82F00D27BF3 /* Card.swift */ = {isa = PBXFileReference; lastKnownFileType = sourcecode.swift; path = Card.swift; sourceTree = "<group>"; };
		A068907F2A6AAEF400AD2374 /* AnimNote.swift */ = {isa = PBXFileReference; lastKnownFileType = sourcecode.swift; path = AnimNote.swift; sourceTree = "<group>"; };
		A06890812A6AC3F600AD2374 /* RandomUtil.swift */ = {isa = PBXFileReference; lastKnownFileType = sourcecode.swift; path = RandomUtil.swift; sourceTree = "<group>"; };
		A06B6E242A7A23B3001614D4 /* ApiClient.swift */ = {isa = PBXFileReference; lastKnownFileType = sourcecode.swift; path = ApiClient.swift; sourceTree = "<group>"; };
		A06B6E262A7A25B7001614D4 /* Response.swift */ = {isa = PBXFileReference; lastKnownFileType = sourcecode.swift; path = Response.swift; sourceTree = "<group>"; };
		A06B6E282A7A2799001614D4 /* Url.swift */ = {isa = PBXFileReference; lastKnownFileType = sourcecode.swift; path = Url.swift; sourceTree = "<group>"; };
		A09987662A459AB600E2DFFE /* Section.swift */ = {isa = PBXFileReference; lastKnownFileType = sourcecode.swift; path = Section.swift; sourceTree = "<group>"; };
		A09987682A459B3600E2DFFE /* BgView.swift */ = {isa = PBXFileReference; lastKnownFileType = sourcecode.swift; path = BgView.swift; sourceTree = "<group>"; };
		A09E21972A66C6240012C6BB /* CornerRadius.swift */ = {isa = PBXFileReference; lastKnownFileType = sourcecode.swift; path = CornerRadius.swift; sourceTree = "<group>"; };
		A09E219C2A66C86F0012C6BB /* Weight.swift */ = {isa = PBXFileReference; lastKnownFileType = sourcecode.swift; path = Weight.swift; sourceTree = "<group>"; };
		A09E219E2A66C8810012C6BB /* CornerRadius.swift */ = {isa = PBXFileReference; lastKnownFileType = sourcecode.swift; path = CornerRadius.swift; sourceTree = "<group>"; };
		A0A9FF062A45C64400305294 /* Test.swift */ = {isa = PBXFileReference; lastKnownFileType = sourcecode.swift; path = Test.swift; sourceTree = "<group>"; };
		A0A9FF082A45CC8A00305294 /* Rating.swift */ = {isa = PBXFileReference; lastKnownFileType = sourcecode.swift; path = Rating.swift; sourceTree = "<group>"; };
		A0A9FF0A2A45D39500305294 /* BrushingFinished.swift */ = {isa = PBXFileReference; lastKnownFileType = sourcecode.swift; path = BrushingFinished.swift; sourceTree = "<group>"; };
		A0A9FF0E2A45DA4200305294 /* Generate.swift */ = {isa = PBXFileReference; lastKnownFileType = sourcecode.swift; path = Generate.swift; sourceTree = "<group>"; };
		A0B014142A486D9100838702 /* VoiceAnimation.swift */ = {isa = PBXFileReference; lastKnownFileType = sourcecode.swift; path = VoiceAnimation.swift; sourceTree = "<group>"; };
		A0B553E62A6979AD0016E819 /* SpeakUtil.swift */ = {isa = PBXFileReference; lastKnownFileType = sourcecode.swift; path = SpeakUtil.swift; sourceTree = "<group>"; };
		A0C167E42A78FEB0004B7F51 /* StartBrush.swift */ = {isa = PBXFileReference; lastKnownFileType = sourcecode.swift; path = StartBrush.swift; sourceTree = "<group>"; };
		A0C167E62A793148004B7F51 /* ObservableScrollView.swift */ = {isa = PBXFileReference; lastKnownFileType = sourcecode.swift; path = ObservableScrollView.swift; sourceTree = "<group>"; };
		A0C167E92A7944DA004B7F51 /* Main.swift */ = {isa = PBXFileReference; lastKnownFileType = sourcecode.swift; path = Main.swift; sourceTree = "<group>"; };
		A0C167EC2A795A78004B7F51 /* Constant.swift */ = {isa = PBXFileReference; lastKnownFileType = sourcecode.swift; path = Constant.swift; sourceTree = "<group>"; };
		A0D6C5042A47C42100C4DA84 /* BgView.swift */ = {isa = PBXFileReference; lastKnownFileType = sourcecode.swift; path = BgView.swift; sourceTree = "<group>"; };
		A0D6C5062A47C4AE00C4DA84 /* Theme.swift */ = {isa = PBXFileReference; lastKnownFileType = sourcecode.swift; path = Theme.swift; sourceTree = "<group>"; };
		A0D6C5082A47C64100C4DA84 /* SectionPre.swift */ = {isa = PBXFileReference; lastKnownFileType = sourcecode.swift; path = SectionPre.swift; sourceTree = "<group>"; };
		A0D6C50A2A47C74300C4DA84 /* SectionIng.swift */ = {isa = PBXFileReference; lastKnownFileType = sourcecode.swift; path = SectionIng.swift; sourceTree = "<group>"; };
		A0D6C50C2A47C92100C4DA84 /* SectionEd.swift */ = {isa = PBXFileReference; lastKnownFileType = sourcecode.swift; path = SectionEd.swift; sourceTree = "<group>"; };
		A0D6C50F2A47CB0B00C4DA84 /* Finish.swift */ = {isa = PBXFileReference; lastKnownFileType = sourcecode.swift; path = Finish.swift; sourceTree = "<group>"; };
		A0D6C5112A47CC2100C4DA84 /* Score.swift */ = {isa = PBXFileReference; lastKnownFileType = sourcecode.swift; path = Score.swift; sourceTree = "<group>"; };
		A0D6C5132A47CC6C00C4DA84 /* RemedySelect.swift */ = {isa = PBXFileReference; lastKnownFileType = sourcecode.swift; path = RemedySelect.swift; sourceTree = "<group>"; };
		A0D6C5152A47D07C00C4DA84 /* RemedyIng.swift */ = {isa = PBXFileReference; lastKnownFileType = sourcecode.swift; path = RemedyIng.swift; sourceTree = "<group>"; };
		A0D6C5172A47D15B00C4DA84 /* Tip.swift */ = {isa = PBXFileReference; lastKnownFileType = sourcecode.swift; path = Tip.swift; sourceTree = "<group>"; };
		A0D6C5192A47D1DE00C4DA84 /* ConnectEar.swift */ = {isa = PBXFileReference; lastKnownFileType = sourcecode.swift; path = ConnectEar.swift; sourceTree = "<group>"; };
		A0D6C51B2A47D52400C4DA84 /* PageView.swift */ = {isa = PBXFileReference; lastKnownFileType = sourcecode.swift; path = PageView.swift; sourceTree = "<group>"; };
		A0DA4B242A46B81E009CA236 /* Result.swift */ = {isa = PBXFileReference; lastKnownFileType = sourcecode.swift; path = Result.swift; sourceTree = "<group>"; };
		A0DA4B262A46BA45009CA236 /* BrushIcon.swift */ = {isa = PBXFileReference; lastKnownFileType = sourcecode.swift; path = BrushIcon.swift; sourceTree = "<group>"; };
		A0DA4B2A2A46BEF8009CA236 /* CircularProgress.swift */ = {isa = PBXFileReference; lastKnownFileType = sourcecode.swift; path = CircularProgress.swift; sourceTree = "<group>"; };
		A0F5B55C2A681264001D5EA4 /* BgColor.swift */ = {isa = PBXFileReference; lastKnownFileType = sourcecode.swift; path = BgColor.swift; sourceTree = "<group>"; };
		A0F5B5612A681645001D5EA4 /* Section.swift */ = {isa = PBXFileReference; lastKnownFileType = sourcecode.swift; path = Section.swift; sourceTree = "<group>"; };
		A0F5B5642A6817C2001D5EA4 /* SectionUtil.swift */ = {isa = PBXFileReference; lastKnownFileType = sourcecode.swift; path = SectionUtil.swift; sourceTree = "<group>"; };
		A0F5B5662A682D3A001D5EA4 /* CircularProgress.swift */ = {isa = PBXFileReference; lastKnownFileType = sourcecode.swift; path = CircularProgress.swift; sourceTree = "<group>"; };
		A0F5D5BB2A46FE1D00C4091D /* HotWord.swift */ = {isa = PBXFileReference; lastKnownFileType = sourcecode.swift; path = HotWord.swift; sourceTree = "<group>"; };
		A0F5D5BD2A47202300C4091D /* Start.swift */ = {isa = PBXFileReference; lastKnownFileType = sourcecode.swift; path = Start.swift; sourceTree = "<group>"; };
/* End PBXFileReference section */

/* Begin PBXFrameworksBuildPhase section */
		A0581F792A41DBEF00710C4B /* Frameworks */ = {
			isa = PBXFrameworksBuildPhase;
			buildActionMask = 2147483647;
			files = (
				A0DA4B2E2A46CFAD009CA236 /* SwiftUIPager in Frameworks */,
				A0581FDD2A41DC4900710C4B /* ComposableArchitecture in Frameworks */,
				A07ED39D2A7A777700466663 /* Moya in Frameworks */,
			);
			runOnlyForDeploymentPostprocessing = 0;
		};
		A0581F892A41DBEF00710C4B /* Frameworks */ = {
			isa = PBXFrameworksBuildPhase;
			buildActionMask = 2147483647;
			files = (
			);
			runOnlyForDeploymentPostprocessing = 0;
		};
		A0581F932A41DBEF00710C4B /* Frameworks */ = {
			isa = PBXFrameworksBuildPhase;
			buildActionMask = 2147483647;
			files = (
			);
			runOnlyForDeploymentPostprocessing = 0;
		};
		A0581F9F2A41DBEF00710C4B /* Frameworks */ = {
			isa = PBXFrameworksBuildPhase;
			buildActionMask = 2147483647;
			files = (
			);
			runOnlyForDeploymentPostprocessing = 0;
		};
		A0581FB12A41DBF000710C4B /* Frameworks */ = {
			isa = PBXFrameworksBuildPhase;
			buildActionMask = 2147483647;
			files = (
			);
			runOnlyForDeploymentPostprocessing = 0;
		};
		A0581FBB2A41DBF000710C4B /* Frameworks */ = {
			isa = PBXFrameworksBuildPhase;
			buildActionMask = 2147483647;
			files = (
			);
			runOnlyForDeploymentPostprocessing = 0;
		};
/* End PBXFrameworksBuildPhase section */

/* Begin PBXGroup section */
		588C8C992A6AAE0E00DD8A65 /* Login */ = {
			isa = PBXGroup;
			children = (
				581B2AF32A6D07C600E27F93 /* Login.swift */,
			);
			path = Login;
			sourceTree = "<group>";
		};
		A045D30E2A7A31A10009EF7B /* Entity */ = {
			isa = PBXGroup;
			children = (
				A06B6E262A7A25B7001614D4 /* Response.swift */,
				A045D30F2A7A31B70009EF7B /* User.swift */,
			);
			path = Entity;
			sourceTree = "<group>";
		};
		A0581F732A41DBEF00710C4B = {
			isa = PBXGroup;
			children = (
				A0581F7E2A41DBEF00710C4B /* Brush */,
				A0581F8F2A41DBEF00710C4B /* BrushTests */,
				A0581F992A41DBEF00710C4B /* BrushUITests */,
				A0581FA62A41DBEF00710C4B /* Brush Watch App */,
				A0581FB72A41DBF000710C4B /* Brush Watch AppTests */,
				A0581FC12A41DBF000710C4B /* Brush Watch AppUITests */,
				A0581F7D2A41DBEF00710C4B /* Products */,
				A0C27BFC2A4C6BB000B11A2C /* Frameworks */,
			);
			sourceTree = "<group>";
			usesTabs = 0;
		};
		A0581F7D2A41DBEF00710C4B /* Products */ = {
			isa = PBXGroup;
			children = (
				A0581F7C2A41DBEF00710C4B /* Brush.app */,
				A0581F8C2A41DBEF00710C4B /* BrushTests.xctest */,
				A0581F962A41DBEF00710C4B /* BrushUITests.xctest */,
				A0581FA22A41DBEF00710C4B /* TuneBrush.app */,
				A0581FB42A41DBF000710C4B /* Brush Watch AppTests.xctest */,
				A0581FBE2A41DBF000710C4B /* Brush Watch AppUITests.xctest */,
			);
			name = Products;
			sourceTree = "<group>";
		};
		A0581F7E2A41DBEF00710C4B /* Brush */ = {
			isa = PBXGroup;
			children = (
				A0581F7F2A41DBEF00710C4B /* BrushApp.swift */,
				A0581F812A41DBEF00710C4B /* ContentView.swift */,
				A00913152A430B1600057B4E /* Theme.swift */,
				A0C167E92A7944DA004B7F51 /* Main.swift */,
				A0581FDE2A41E7F900710C4B /* Route.swift */,
				A09E21942A66C5B10012C6BB /* Extension */,
				A06684E02A42F81100D27BF3 /* Component */,
				588C8C992A6AAE0E00DD8A65 /* Login */,
				A06684DE2A42F2C000D27BF3 /* Analysis */,
				A06684DC2A42E39D00D27BF3 /* Tune */,
				A06684DF2A42F34600D27BF3 /* Mine */,
				A0C167EB2A795A41004B7F51 /* Util */,
				A06B6E232A7A2381001614D4 /* Net */,
				A0C167E82A79437A004B7F51 /* RM */,
				A0581F832A41DBEF00710C4B /* Assets.xcassets */,
				A0581F852A41DBEF00710C4B /* Preview Content */,
			);
			path = Brush;
			sourceTree = "<group>";
		};
		A0581F852A41DBEF00710C4B /* Preview Content */ = {
			isa = PBXGroup;
			children = (
				A0581F862A41DBEF00710C4B /* Preview Assets.xcassets */,
			);
			path = "Preview Content";
			sourceTree = "<group>";
		};
		A0581F8F2A41DBEF00710C4B /* BrushTests */ = {
			isa = PBXGroup;
			children = (
				A0581F902A41DBEF00710C4B /* BrushTests.swift */,
			);
			path = BrushTests;
			sourceTree = "<group>";
		};
		A0581F992A41DBEF00710C4B /* BrushUITests */ = {
			isa = PBXGroup;
			children = (
				A0581F9A2A41DBEF00710C4B /* BrushUITests.swift */,
				A0581F9C2A41DBEF00710C4B /* BrushUITestsLaunchTests.swift */,
			);
			path = BrushUITests;
			sourceTree = "<group>";
		};
		A0581FA62A41DBEF00710C4B /* Brush Watch App */ = {
			isa = PBXGroup;
			children = (
				A0581FAD2A41DBF000710C4B /* Preview Content */,
				A0F5B5632A6817A4001D5EA4 /* Utils */,
				A0F5B5602A681634001D5EA4 /* Entity */,
				A0F5B55E2A6815B8001D5EA4 /* UI */,
				A0581FA72A41DBEF00710C4B /* BrushApp.swift */,
				A09E219B2A66C8540012C6BB /* Extension */,
				A0581FAB2A41DBF000710C4B /* Assets.xcassets */,
			);
			path = "Brush Watch App";
			sourceTree = "<group>";
		};
		A0581FAD2A41DBF000710C4B /* Preview Content */ = {
			isa = PBXGroup;
			children = (
				A0581FAE2A41DBF000710C4B /* Preview Assets.xcassets */,
			);
			path = "Preview Content";
			sourceTree = "<group>";
		};
		A0581FB72A41DBF000710C4B /* Brush Watch AppTests */ = {
			isa = PBXGroup;
			children = (
				A0581FB82A41DBF000710C4B /* Brush_Watch_AppTests.swift */,
			);
			path = "Brush Watch AppTests";
			sourceTree = "<group>";
		};
		A0581FC12A41DBF000710C4B /* Brush Watch AppUITests */ = {
			isa = PBXGroup;
			children = (
				A0581FC22A41DBF000710C4B /* Brush_Watch_AppUITests.swift */,
				A0581FC42A41DBF000710C4B /* Brush_Watch_AppUITestsLaunchTests.swift */,
			);
			path = "Brush Watch AppUITests";
			sourceTree = "<group>";
		};
		A06684DB2A42E37600D27BF3 /* Record */ = {
			isa = PBXGroup;
			children = (
				A06684D72A42E32800D27BF3 /* Record.swift */,
			);
			path = Record;
			sourceTree = "<group>";
		};
		A06684DC2A42E39D00D27BF3 /* Tune */ = {
			isa = PBXGroup;
			children = (
				A045FA102A448DFF00F7A85C /* CountDown.swift */,
				A09987662A459AB600E2DFFE /* Section.swift */,
				A06684D92A42E35E00D27BF3 /* Tune.swift */,
				A0C167E42A78FEB0004B7F51 /* StartBrush.swift */,
				A0A9FF0A2A45D39500305294 /* BrushingFinished.swift */,
			);
			path = Tune;
			sourceTree = "<group>";
		};
		A06684DD2A42F2B400D27BF3 /* Home */ = {
			isa = PBXGroup;
			children = (
				A01E31902A42D39D0044E25F /* Home.swift */,
			);
			path = Home;
			sourceTree = "<group>";
		};
		A06684DE2A42F2C000D27BF3 /* Analysis */ = {
			isa = PBXGroup;
			children = (
				A01E31922A42D5330044E25F /* Analysis.swift */,
			);
			path = Analysis;
			sourceTree = "<group>";
		};
		A06684DF2A42F34600D27BF3 /* Mine */ = {
			isa = PBXGroup;
			children = (
				A06684D52A42E12400D27BF3 /* Mine.swift */,
			);
			path = Mine;
			sourceTree = "<group>";
		};
		A06684E02A42F81100D27BF3 /* Component */ = {
			isa = PBXGroup;
			children = (
				A06684E12A42F82F00D27BF3 /* Card.swift */,
				A00913172A432D7F00057B4E /* Avatar.swift */,
				A0300C462A4449E20056496E /* MyTabBar.swift */,
				A0300C4F2A446E010056496E /* EnterWay.swift */,
				A0300C532A446EFD0056496E /* EnterInput.swift */,
				A09987682A459B3600E2DFFE /* BgView.swift */,
				A0DA4B262A46BA45009CA236 /* BrushIcon.swift */,
				A0F5D5BB2A46FE1D00C4091D /* HotWord.swift */,
				A0DA4B2A2A46BEF8009CA236 /* CircularProgress.swift */,
				A0B014142A486D9100838702 /* VoiceAnimation.swift */,
				588C8C9B2A6ABE8500DD8A65 /* SquareIconView.swift */,
				A0C167E62A793148004B7F51 /* ObservableScrollView.swift */,
			);
			path = Component;
			sourceTree = "<group>";
		};
		A06B6E232A7A2381001614D4 /* Net */ = {
			isa = PBXGroup;
			children = (
				A045D30E2A7A31A10009EF7B /* Entity */,
				A06B6E242A7A23B3001614D4 /* ApiClient.swift */,
				A06B6E282A7A2799001614D4 /* Url.swift */,
			);
			path = Net;
			sourceTree = "<group>";
		};
		A09E21942A66C5B10012C6BB /* Extension */ = {
			isa = PBXGroup;
			children = (
				A09E21972A66C6240012C6BB /* CornerRadius.swift */,
			);
			path = Extension;
			sourceTree = "<group>";
		};
		A09E219B2A66C8540012C6BB /* Extension */ = {
			isa = PBXGroup;
			children = (
				A09E219C2A66C86F0012C6BB /* Weight.swift */,
				A09E219E2A66C8810012C6BB /* CornerRadius.swift */,
			);
			path = Extension;
			sourceTree = "<group>";
		};
		A0C167E82A79437A004B7F51 /* RM */ = {
			isa = PBXGroup;
			children = (
				A06684DD2A42F2B400D27BF3 /* Home */,
				A06684DB2A42E37600D27BF3 /* Record */,
				A0A9FF082A45CC8A00305294 /* Rating.swift */,
				A0DA4B242A46B81E009CA236 /* Result.swift */,
				A0A9FF0E2A45DA4200305294 /* Generate.swift */,
				A0A9FF062A45C64400305294 /* Test.swift */,
			);
			path = RM;
			sourceTree = "<group>";
		};
		A0C167EB2A795A41004B7F51 /* Util */ = {
			isa = PBXGroup;
			children = (
				A0C167EC2A795A78004B7F51 /* Constant.swift */,
				A045D3112A7A37AA0009EF7B /* DataUtil.swift */,
			);
			path = Util;
			sourceTree = "<group>";
		};
		A0C27BFC2A4C6BB000B11A2C /* Frameworks */ = {
			isa = PBXGroup;
			children = (
			);
			name = Frameworks;
			sourceTree = "<group>";
		};
		A0D6C50E2A47CAC200C4DA84 /* Component */ = {
			isa = PBXGroup;
			children = (
				A0F5B55C2A681264001D5EA4 /* BgColor.swift */,
				A0D6C5042A47C42100C4DA84 /* BgView.swift */,
				A0D6C51B2A47D52400C4DA84 /* PageView.swift */,
				A02A842F2A482C20003255A5 /* VoiceBgAnimation.swift */,
				A02A84312A482FBC003255A5 /* VoiceAnimation.swift */,
				A0F5B5662A682D3A001D5EA4 /* CircularProgress.swift */,
				A04255D02A6916A500D38A16 /* AnimCheck.swift */,
				A04255D22A6916C000D38A16 /* AnimCheckCircle.swift */,
				A068907F2A6AAEF400AD2374 /* AnimNote.swift */,
				A03B6D142A6D316B00FFC5E2 /* AnimViolin.swift */,
			);
			path = Component;
			sourceTree = "<group>";
		};
		A0F5B55E2A6815B8001D5EA4 /* UI */ = {
			isa = PBXGroup;
			children = (
				A0581FA92A41DBEF00710C4B /* ContentView.swift */,
				A0D6C5062A47C4AE00C4DA84 /* Theme.swift */,
				A0F5B55F2A6815F7001D5EA4 /* Page */,
				A0D6C50E2A47CAC200C4DA84 /* Component */,
			);
			path = UI;
			sourceTree = "<group>";
		};
		A0F5B55F2A6815F7001D5EA4 /* Page */ = {
			isa = PBXGroup;
			children = (
				A0F5D5BD2A47202300C4091D /* Start.swift */,
				A0D6C5082A47C64100C4DA84 /* SectionPre.swift */,
				A0D6C50A2A47C74300C4DA84 /* SectionIng.swift */,
				A0D6C50C2A47C92100C4DA84 /* SectionEd.swift */,
				A0D6C50F2A47CB0B00C4DA84 /* Finish.swift */,
				A0D6C5112A47CC2100C4DA84 /* Score.swift */,
				A0D6C5132A47CC6C00C4DA84 /* RemedySelect.swift */,
				A0D6C5152A47D07C00C4DA84 /* RemedyIng.swift */,
				A0D6C5172A47D15B00C4DA84 /* Tip.swift */,
				A0D6C5192A47D1DE00C4DA84 /* ConnectEar.swift */,
				A04255CE2A69095100D38A16 /* Brush.swift */,
				A040AD532A77D511002EF68A /* CountDown.swift */,
			);
			path = Page;
			sourceTree = "<group>";
		};
		A0F5B5602A681634001D5EA4 /* Entity */ = {
			isa = PBXGroup;
			children = (
				A0F5B5612A681645001D5EA4 /* Section.swift */,
			);
			path = Entity;
			sourceTree = "<group>";
		};
		A0F5B5632A6817A4001D5EA4 /* Utils */ = {
			isa = PBXGroup;
			children = (
				A0F5B5642A6817C2001D5EA4 /* SectionUtil.swift */,
				A0B553E62A6979AD0016E819 /* SpeakUtil.swift */,
				A06890812A6AC3F600AD2374 /* RandomUtil.swift */,
			);
			path = Utils;
			sourceTree = "<group>";
		};
/* End PBXGroup section */

/* Begin PBXNativeTarget section */
		A0581F7B2A41DBEF00710C4B /* Brush */ = {
			isa = PBXNativeTarget;
			buildConfigurationList = A0581FCC2A41DBF000710C4B /* Build configuration list for PBXNativeTarget "Brush" */;
			buildPhases = (
				A0581F782A41DBEF00710C4B /* Sources */,
				A0581F792A41DBEF00710C4B /* Frameworks */,
				A0581F7A2A41DBEF00710C4B /* Resources */,
				A0581FCB2A41DBF000710C4B /* Embed Watch Content */,
			);
			buildRules = (
			);
			dependencies = (
				A0581FA52A41DBEF00710C4B /* PBXTargetDependency */,
			);
			name = Brush;
			packageProductDependencies = (
				A0581FDC2A41DC4900710C4B /* ComposableArchitecture */,
				A0DA4B2D2A46CFAD009CA236 /* SwiftUIPager */,
				A07ED39C2A7A777700466663 /* Moya */,
			);
			productName = Brush;
			productReference = A0581F7C2A41DBEF00710C4B /* Brush.app */;
			productType = "com.apple.product-type.application";
		};
		A0581F8B2A41DBEF00710C4B /* BrushTests */ = {
			isa = PBXNativeTarget;
			buildConfigurationList = A0581FCF2A41DBF000710C4B /* Build configuration list for PBXNativeTarget "BrushTests" */;
			buildPhases = (
				A0581F882A41DBEF00710C4B /* Sources */,
				A0581F892A41DBEF00710C4B /* Frameworks */,
				A0581F8A2A41DBEF00710C4B /* Resources */,
			);
			buildRules = (
			);
			dependencies = (
				A0581F8E2A41DBEF00710C4B /* PBXTargetDependency */,
			);
			name = BrushTests;
			productName = BrushTests;
			productReference = A0581F8C2A41DBEF00710C4B /* BrushTests.xctest */;
			productType = "com.apple.product-type.bundle.unit-test";
		};
		A0581F952A41DBEF00710C4B /* BrushUITests */ = {
			isa = PBXNativeTarget;
			buildConfigurationList = A0581FD22A41DBF000710C4B /* Build configuration list for PBXNativeTarget "BrushUITests" */;
			buildPhases = (
				A0581F922A41DBEF00710C4B /* Sources */,
				A0581F932A41DBEF00710C4B /* Frameworks */,
				A0581F942A41DBEF00710C4B /* Resources */,
			);
			buildRules = (
			);
			dependencies = (
				A0581F982A41DBEF00710C4B /* PBXTargetDependency */,
			);
			name = BrushUITests;
			productName = BrushUITests;
			productReference = A0581F962A41DBEF00710C4B /* BrushUITests.xctest */;
			productType = "com.apple.product-type.bundle.ui-testing";
		};
		A0581FA12A41DBEF00710C4B /* Brush Watch App */ = {
			isa = PBXNativeTarget;
			buildConfigurationList = A0581FC82A41DBF000710C4B /* Build configuration list for PBXNativeTarget "Brush Watch App" */;
			buildPhases = (
				A0581F9E2A41DBEF00710C4B /* Sources */,
				A0581F9F2A41DBEF00710C4B /* Frameworks */,
				A0581FA02A41DBEF00710C4B /* Resources */,
			);
			buildRules = (
			);
			dependencies = (
			);
			name = "Brush Watch App";
			productName = "Brush Watch App";
			productReference = A0581FA22A41DBEF00710C4B /* TuneBrush.app */;
			productType = "com.apple.product-type.application";
		};
		A0581FB32A41DBF000710C4B /* Brush Watch AppTests */ = {
			isa = PBXNativeTarget;
			buildConfigurationList = A0581FD52A41DBF000710C4B /* Build configuration list for PBXNativeTarget "Brush Watch AppTests" */;
			buildPhases = (
				A0581FB02A41DBF000710C4B /* Sources */,
				A0581FB12A41DBF000710C4B /* Frameworks */,
				A0581FB22A41DBF000710C4B /* Resources */,
			);
			buildRules = (
			);
			dependencies = (
				A0581FB62A41DBF000710C4B /* PBXTargetDependency */,
			);
			name = "Brush Watch AppTests";
			productName = "Brush Watch AppTests";
			productReference = A0581FB42A41DBF000710C4B /* Brush Watch AppTests.xctest */;
			productType = "com.apple.product-type.bundle.unit-test";
		};
		A0581FBD2A41DBF000710C4B /* Brush Watch AppUITests */ = {
			isa = PBXNativeTarget;
			buildConfigurationList = A0581FD82A41DBF000710C4B /* Build configuration list for PBXNativeTarget "Brush Watch AppUITests" */;
			buildPhases = (
				A0581FBA2A41DBF000710C4B /* Sources */,
				A0581FBB2A41DBF000710C4B /* Frameworks */,
				A0581FBC2A41DBF000710C4B /* Resources */,
			);
			buildRules = (
			);
			dependencies = (
				A0581FC02A41DBF000710C4B /* PBXTargetDependency */,
			);
			name = "Brush Watch AppUITests";
			productName = "Brush Watch AppUITests";
			productReference = A0581FBE2A41DBF000710C4B /* Brush Watch AppUITests.xctest */;
			productType = "com.apple.product-type.bundle.ui-testing";
		};
/* End PBXNativeTarget section */

/* Begin PBXProject section */
		A0581F742A41DBEF00710C4B /* Project object */ = {
			isa = PBXProject;
			attributes = {
				BuildIndependentTargetsInParallel = 1;
				LastSwiftUpdateCheck = 1430;
				LastUpgradeCheck = 1430;
				TargetAttributes = {
					A0581F7B2A41DBEF00710C4B = {
						CreatedOnToolsVersion = 14.3;
					};
					A0581F8B2A41DBEF00710C4B = {
						CreatedOnToolsVersion = 14.3;
						TestTargetID = A0581F7B2A41DBEF00710C4B;
					};
					A0581F952A41DBEF00710C4B = {
						CreatedOnToolsVersion = 14.3;
						TestTargetID = A0581F7B2A41DBEF00710C4B;
					};
					A0581FA12A41DBEF00710C4B = {
						CreatedOnToolsVersion = 14.3;
					};
					A0581FB32A41DBF000710C4B = {
						CreatedOnToolsVersion = 14.3;
						TestTargetID = A0581FA12A41DBEF00710C4B;
					};
					A0581FBD2A41DBF000710C4B = {
						CreatedOnToolsVersion = 14.3;
						TestTargetID = A0581FA12A41DBEF00710C4B;
					};
				};
			};
			buildConfigurationList = A0581F772A41DBEF00710C4B /* Build configuration list for PBXProject "Brush" */;
			compatibilityVersion = "Xcode 14.0";
			developmentRegion = en;
			hasScannedForEncodings = 0;
			knownRegions = (
				en,
				Base,
			);
			mainGroup = A0581F732A41DBEF00710C4B;
			packageReferences = (
				A0581FDB2A41DC4900710C4B /* XCRemoteSwiftPackageReference "swift-composable-architecture" */,
				A0DA4B2C2A46CFAD009CA236 /* XCRemoteSwiftPackageReference "SwiftUIPager" */,
				A07ED39B2A7A777700466663 /* XCRemoteSwiftPackageReference "Moya" */,
			);
			productRefGroup = A0581F7D2A41DBEF00710C4B /* Products */;
			projectDirPath = "";
			projectRoot = "";
			targets = (
				A0581F7B2A41DBEF00710C4B /* Brush */,
				A0581F8B2A41DBEF00710C4B /* BrushTests */,
				A0581F952A41DBEF00710C4B /* BrushUITests */,
				A0581FA12A41DBEF00710C4B /* Brush Watch App */,
				A0581FB32A41DBF000710C4B /* Brush Watch AppTests */,
				A0581FBD2A41DBF000710C4B /* Brush Watch AppUITests */,
			);
		};
/* End PBXProject section */

/* Begin PBXResourcesBuildPhase section */
		A0581F7A2A41DBEF00710C4B /* Resources */ = {
			isa = PBXResourcesBuildPhase;
			buildActionMask = 2147483647;
			files = (
				A0581F872A41DBEF00710C4B /* Preview Assets.xcassets in Resources */,
				A0581F842A41DBEF00710C4B /* Assets.xcassets in Resources */,
			);
			runOnlyForDeploymentPostprocessing = 0;
		};
		A0581F8A2A41DBEF00710C4B /* Resources */ = {
			isa = PBXResourcesBuildPhase;
			buildActionMask = 2147483647;
			files = (
			);
			runOnlyForDeploymentPostprocessing = 0;
		};
		A0581F942A41DBEF00710C4B /* Resources */ = {
			isa = PBXResourcesBuildPhase;
			buildActionMask = 2147483647;
			files = (
			);
			runOnlyForDeploymentPostprocessing = 0;
		};
		A0581FA02A41DBEF00710C4B /* Resources */ = {
			isa = PBXResourcesBuildPhase;
			buildActionMask = 2147483647;
			files = (
				A0581FAF2A41DBF000710C4B /* Preview Assets.xcassets in Resources */,
				A0581FAC2A41DBF000710C4B /* Assets.xcassets in Resources */,
			);
			runOnlyForDeploymentPostprocessing = 0;
		};
		A0581FB22A41DBF000710C4B /* Resources */ = {
			isa = PBXResourcesBuildPhase;
			buildActionMask = 2147483647;
			files = (
			);
			runOnlyForDeploymentPostprocessing = 0;
		};
		A0581FBC2A41DBF000710C4B /* Resources */ = {
			isa = PBXResourcesBuildPhase;
			buildActionMask = 2147483647;
			files = (
			);
			runOnlyForDeploymentPostprocessing = 0;
		};
/* End PBXResourcesBuildPhase section */

/* Begin PBXSourcesBuildPhase section */
		A0581F782A41DBEF00710C4B /* Sources */ = {
			isa = PBXSourcesBuildPhase;
			buildActionMask = 2147483647;
			files = (
				A06684D62A42E12400D27BF3 /* Mine.swift in Sources */,
				A0DA4B272A46BA45009CA236 /* BrushIcon.swift in Sources */,
				A06684E22A42F82F00D27BF3 /* Card.swift in Sources */,
				A0C167E72A793148004B7F51 /* ObservableScrollView.swift in Sources */,
				A0300C542A446EFD0056496E /* EnterInput.swift in Sources */,
				588C8C9C2A6ABE8500DD8A65 /* SquareIconView.swift in Sources */,
				A0300C472A4449E20056496E /* MyTabBar.swift in Sources */,
				A0C167E52A78FEB0004B7F51 /* StartBrush.swift in Sources */,
				A0C167ED2A795A78004B7F51 /* Constant.swift in Sources */,
				A045FA112A448DFF00F7A85C /* CountDown.swift in Sources */,
				A06684DA2A42E35E00D27BF3 /* Tune.swift in Sources */,
				A0C167EA2A7944DA004B7F51 /* Main.swift in Sources */,
				A0DA4B252A46B81E009CA236 /* Result.swift in Sources */,
				A0B014152A486D9100838702 /* VoiceAnimation.swift in Sources */,
				A09987672A459AB600E2DFFE /* Section.swift in Sources */,
				A09987692A459B3600E2DFFE /* BgView.swift in Sources */,
				A0581FDF2A41E7F900710C4B /* Route.swift in Sources */,
				A0581F822A41DBEF00710C4B /* ContentView.swift in Sources */,
				581B2AF42A6D07C600E27F93 /* Login.swift in Sources */,
				A01E31912A42D39D0044E25F /* Home.swift in Sources */,
				A06684D82A42E32800D27BF3 /* Record.swift in Sources */,
				A06B6E252A7A23B3001614D4 /* ApiClient.swift in Sources */,
				A0300C502A446E010056496E /* EnterWay.swift in Sources */,
				A045D3102A7A31B70009EF7B /* User.swift in Sources */,
				A09E21982A66C6240012C6BB /* CornerRadius.swift in Sources */,
				A00913162A430B1600057B4E /* Theme.swift in Sources */,
				A0A9FF092A45CC8A00305294 /* Rating.swift in Sources */,
				A0A9FF0B2A45D39500305294 /* BrushingFinished.swift in Sources */,
				A00913182A432D7F00057B4E /* Avatar.swift in Sources */,
				A0A9FF072A45C64400305294 /* Test.swift in Sources */,
				A0A9FF0F2A45DA4200305294 /* Generate.swift in Sources */,
				A0F5D5BC2A46FE1D00C4091D /* HotWord.swift in Sources */,
				A06B6E292A7A2799001614D4 /* Url.swift in Sources */,
				A0581F802A41DBEF00710C4B /* BrushApp.swift in Sources */,
				A01E31932A42D5330044E25F /* Analysis.swift in Sources */,
				A0DA4B2B2A46BEF8009CA236 /* CircularProgress.swift in Sources */,
				A06B6E272A7A25B7001614D4 /* Response.swift in Sources */,
				A045D3122A7A37AA0009EF7B /* DataUtil.swift in Sources */,
			);
			runOnlyForDeploymentPostprocessing = 0;
		};
		A0581F882A41DBEF00710C4B /* Sources */ = {
			isa = PBXSourcesBuildPhase;
			buildActionMask = 2147483647;
			files = (
				A0581F912A41DBEF00710C4B /* BrushTests.swift in Sources */,
			);
			runOnlyForDeploymentPostprocessing = 0;
		};
		A0581F922A41DBEF00710C4B /* Sources */ = {
			isa = PBXSourcesBuildPhase;
			buildActionMask = 2147483647;
			files = (
				A0581F9B2A41DBEF00710C4B /* BrushUITests.swift in Sources */,
				A0581F9D2A41DBEF00710C4B /* BrushUITestsLaunchTests.swift in Sources */,
			);
			runOnlyForDeploymentPostprocessing = 0;
		};
		A0581F9E2A41DBEF00710C4B /* Sources */ = {
			isa = PBXSourcesBuildPhase;
			buildActionMask = 2147483647;
			files = (
				A04255D32A6916C000D38A16 /* AnimCheckCircle.swift in Sources */,
				A0D6C50D2A47C92100C4DA84 /* SectionEd.swift in Sources */,
				A0D6C5142A47CC6C00C4DA84 /* RemedySelect.swift in Sources */,
				A0581FAA2A41DBEF00710C4B /* ContentView.swift in Sources */,
				A0F5B5622A681645001D5EA4 /* Section.swift in Sources */,
				A0F5D5BE2A47202300C4091D /* Start.swift in Sources */,
				A04255D12A6916A500D38A16 /* AnimCheck.swift in Sources */,
				A0F5B5672A682D3A001D5EA4 /* CircularProgress.swift in Sources */,
				A0F5B55D2A681264001D5EA4 /* BgColor.swift in Sources */,
				A0D6C5072A47C4AE00C4DA84 /* Theme.swift in Sources */,
				A02A84302A482C20003255A5 /* VoiceBgAnimation.swift in Sources */,
				A0D6C5122A47CC2100C4DA84 /* Score.swift in Sources */,
				A06890802A6AAEF400AD2374 /* AnimNote.swift in Sources */,
				A040AD542A77D511002EF68A /* CountDown.swift in Sources */,
				A0D6C5162A47D07C00C4DA84 /* RemedyIng.swift in Sources */,
				A0D6C5092A47C64100C4DA84 /* SectionPre.swift in Sources */,
				A0581FA82A41DBEF00710C4B /* BrushApp.swift in Sources */,
				A02A84322A482FBC003255A5 /* VoiceAnimation.swift in Sources */,
				A03B6D152A6D316B00FFC5E2 /* AnimViolin.swift in Sources */,
				A0B553E72A6979AD0016E819 /* SpeakUtil.swift in Sources */,
				A0D6C51A2A47D1DE00C4DA84 /* ConnectEar.swift in Sources */,
				A0D6C51C2A47D52400C4DA84 /* PageView.swift in Sources */,
				A04255CF2A69095100D38A16 /* Brush.swift in Sources */,
				A0D6C5052A47C42100C4DA84 /* BgView.swift in Sources */,
				A0D6C5182A47D15B00C4DA84 /* Tip.swift in Sources */,
				A0F5B5652A6817C2001D5EA4 /* SectionUtil.swift in Sources */,
				A0D6C50B2A47C74300C4DA84 /* SectionIng.swift in Sources */,
				A0D6C5102A47CB0B00C4DA84 /* Finish.swift in Sources */,
				A09E219D2A66C86F0012C6BB /* Weight.swift in Sources */,
				A06890822A6AC3F600AD2374 /* RandomUtil.swift in Sources */,
				A09E219F2A66C8810012C6BB /* CornerRadius.swift in Sources */,
			);
			runOnlyForDeploymentPostprocessing = 0;
		};
		A0581FB02A41DBF000710C4B /* Sources */ = {
			isa = PBXSourcesBuildPhase;
			buildActionMask = 2147483647;
			files = (
				A0581FB92A41DBF000710C4B /* Brush_Watch_AppTests.swift in Sources */,
			);
			runOnlyForDeploymentPostprocessing = 0;
		};
		A0581FBA2A41DBF000710C4B /* Sources */ = {
			isa = PBXSourcesBuildPhase;
			buildActionMask = 2147483647;
			files = (
				A0581FC32A41DBF000710C4B /* Brush_Watch_AppUITests.swift in Sources */,
				A0581FC52A41DBF000710C4B /* Brush_Watch_AppUITestsLaunchTests.swift in Sources */,
			);
			runOnlyForDeploymentPostprocessing = 0;
		};
/* End PBXSourcesBuildPhase section */

/* Begin PBXTargetDependency section */
		A0581F8E2A41DBEF00710C4B /* PBXTargetDependency */ = {
			isa = PBXTargetDependency;
			target = A0581F7B2A41DBEF00710C4B /* Brush */;
			targetProxy = A0581F8D2A41DBEF00710C4B /* PBXContainerItemProxy */;
		};
		A0581F982A41DBEF00710C4B /* PBXTargetDependency */ = {
			isa = PBXTargetDependency;
			target = A0581F7B2A41DBEF00710C4B /* Brush */;
			targetProxy = A0581F972A41DBEF00710C4B /* PBXContainerItemProxy */;
		};
		A0581FA52A41DBEF00710C4B /* PBXTargetDependency */ = {
			isa = PBXTargetDependency;
			target = A0581FA12A41DBEF00710C4B /* Brush Watch App */;
			targetProxy = A0581FA42A41DBEF00710C4B /* PBXContainerItemProxy */;
		};
		A0581FB62A41DBF000710C4B /* PBXTargetDependency */ = {
			isa = PBXTargetDependency;
			target = A0581FA12A41DBEF00710C4B /* Brush Watch App */;
			targetProxy = A0581FB52A41DBF000710C4B /* PBXContainerItemProxy */;
		};
		A0581FC02A41DBF000710C4B /* PBXTargetDependency */ = {
			isa = PBXTargetDependency;
			target = A0581FA12A41DBEF00710C4B /* Brush Watch App */;
			targetProxy = A0581FBF2A41DBF000710C4B /* PBXContainerItemProxy */;
		};
/* End PBXTargetDependency section */

/* Begin XCBuildConfiguration section */
		A0581FC62A41DBF000710C4B /* Debug */ = {
			isa = XCBuildConfiguration;
			buildSettings = {
				ALWAYS_SEARCH_USER_PATHS = NO;
				CLANG_ANALYZER_NONNULL = YES;
				CLANG_ANALYZER_NUMBER_OBJECT_CONVERSION = YES_AGGRESSIVE;
				CLANG_CXX_LANGUAGE_STANDARD = "gnu++20";
				CLANG_ENABLE_MODULES = YES;
				CLANG_ENABLE_OBJC_ARC = YES;
				CLANG_ENABLE_OBJC_WEAK = YES;
				CLANG_WARN_BLOCK_CAPTURE_AUTORELEASING = YES;
				CLANG_WARN_BOOL_CONVERSION = YES;
				CLANG_WARN_COMMA = YES;
				CLANG_WARN_CONSTANT_CONVERSION = YES;
				CLANG_WARN_DEPRECATED_OBJC_IMPLEMENTATIONS = YES;
				CLANG_WARN_DIRECT_OBJC_ISA_USAGE = YES_ERROR;
				CLANG_WARN_DOCUMENTATION_COMMENTS = YES;
				CLANG_WARN_EMPTY_BODY = YES;
				CLANG_WARN_ENUM_CONVERSION = YES;
				CLANG_WARN_INFINITE_RECURSION = YES;
				CLANG_WARN_INT_CONVERSION = YES;
				CLANG_WARN_NON_LITERAL_NULL_CONVERSION = YES;
				CLANG_WARN_OBJC_IMPLICIT_RETAIN_SELF = YES;
				CLANG_WARN_OBJC_LITERAL_CONVERSION = YES;
				CLANG_WARN_OBJC_ROOT_CLASS = YES_ERROR;
				CLANG_WARN_QUOTED_INCLUDE_IN_FRAMEWORK_HEADER = YES;
				CLANG_WARN_RANGE_LOOP_ANALYSIS = YES;
				CLANG_WARN_STRICT_PROTOTYPES = YES;
				CLANG_WARN_SUSPICIOUS_MOVE = YES;
				CLANG_WARN_UNGUARDED_AVAILABILITY = YES_AGGRESSIVE;
				CLANG_WARN_UNREACHABLE_CODE = YES;
				CLANG_WARN__DUPLICATE_METHOD_MATCH = YES;
				COPY_PHASE_STRIP = NO;
				DEBUG_INFORMATION_FORMAT = dwarf;
				ENABLE_STRICT_OBJC_MSGSEND = YES;
				ENABLE_TESTABILITY = YES;
				GCC_C_LANGUAGE_STANDARD = gnu11;
				GCC_DYNAMIC_NO_PIC = NO;
				GCC_NO_COMMON_BLOCKS = YES;
				GCC_OPTIMIZATION_LEVEL = 0;
				GCC_PREPROCESSOR_DEFINITIONS = (
					"DEBUG=1",
					"$(inherited)",
				);
				GCC_WARN_64_TO_32_BIT_CONVERSION = YES;
				GCC_WARN_ABOUT_RETURN_TYPE = YES_ERROR;
				GCC_WARN_UNDECLARED_SELECTOR = YES;
				GCC_WARN_UNINITIALIZED_AUTOS = YES_AGGRESSIVE;
				GCC_WARN_UNUSED_FUNCTION = YES;
				GCC_WARN_UNUSED_VARIABLE = YES;
				MTL_ENABLE_DEBUG_INFO = INCLUDE_SOURCE;
				MTL_FAST_MATH = YES;
				ONLY_ACTIVE_ARCH = YES;
				SWIFT_ACTIVE_COMPILATION_CONDITIONS = DEBUG;
				SWIFT_OPTIMIZATION_LEVEL = "-Onone";
			};
			name = Debug;
		};
		A0581FC72A41DBF000710C4B /* Release */ = {
			isa = XCBuildConfiguration;
			buildSettings = {
				ALWAYS_SEARCH_USER_PATHS = NO;
				CLANG_ANALYZER_NONNULL = YES;
				CLANG_ANALYZER_NUMBER_OBJECT_CONVERSION = YES_AGGRESSIVE;
				CLANG_CXX_LANGUAGE_STANDARD = "gnu++20";
				CLANG_ENABLE_MODULES = YES;
				CLANG_ENABLE_OBJC_ARC = YES;
				CLANG_ENABLE_OBJC_WEAK = YES;
				CLANG_WARN_BLOCK_CAPTURE_AUTORELEASING = YES;
				CLANG_WARN_BOOL_CONVERSION = YES;
				CLANG_WARN_COMMA = YES;
				CLANG_WARN_CONSTANT_CONVERSION = YES;
				CLANG_WARN_DEPRECATED_OBJC_IMPLEMENTATIONS = YES;
				CLANG_WARN_DIRECT_OBJC_ISA_USAGE = YES_ERROR;
				CLANG_WARN_DOCUMENTATION_COMMENTS = YES;
				CLANG_WARN_EMPTY_BODY = YES;
				CLANG_WARN_ENUM_CONVERSION = YES;
				CLANG_WARN_INFINITE_RECURSION = YES;
				CLANG_WARN_INT_CONVERSION = YES;
				CLANG_WARN_NON_LITERAL_NULL_CONVERSION = YES;
				CLANG_WARN_OBJC_IMPLICIT_RETAIN_SELF = YES;
				CLANG_WARN_OBJC_LITERAL_CONVERSION = YES;
				CLANG_WARN_OBJC_ROOT_CLASS = YES_ERROR;
				CLANG_WARN_QUOTED_INCLUDE_IN_FRAMEWORK_HEADER = YES;
				CLANG_WARN_RANGE_LOOP_ANALYSIS = YES;
				CLANG_WARN_STRICT_PROTOTYPES = YES;
				CLANG_WARN_SUSPICIOUS_MOVE = YES;
				CLANG_WARN_UNGUARDED_AVAILABILITY = YES_AGGRESSIVE;
				CLANG_WARN_UNREACHABLE_CODE = YES;
				CLANG_WARN__DUPLICATE_METHOD_MATCH = YES;
				COPY_PHASE_STRIP = NO;
				DEBUG_INFORMATION_FORMAT = "dwarf-with-dsym";
				ENABLE_NS_ASSERTIONS = NO;
				ENABLE_STRICT_OBJC_MSGSEND = YES;
				GCC_C_LANGUAGE_STANDARD = gnu11;
				GCC_NO_COMMON_BLOCKS = YES;
				GCC_WARN_64_TO_32_BIT_CONVERSION = YES;
				GCC_WARN_ABOUT_RETURN_TYPE = YES_ERROR;
				GCC_WARN_UNDECLARED_SELECTOR = YES;
				GCC_WARN_UNINITIALIZED_AUTOS = YES_AGGRESSIVE;
				GCC_WARN_UNUSED_FUNCTION = YES;
				GCC_WARN_UNUSED_VARIABLE = YES;
				MTL_ENABLE_DEBUG_INFO = NO;
				MTL_FAST_MATH = YES;
				SWIFT_COMPILATION_MODE = wholemodule;
				SWIFT_OPTIMIZATION_LEVEL = "-O";
			};
			name = Release;
		};
		A0581FC92A41DBF000710C4B /* Debug */ = {
			isa = XCBuildConfiguration;
			buildSettings = {
				ASSETCATALOG_COMPILER_APPICON_NAME = AppIcon;
				ASSETCATALOG_COMPILER_GLOBAL_ACCENT_COLOR_NAME = AccentColor;
				CODE_SIGN_STYLE = Automatic;
				CURRENT_PROJECT_VERSION = 1;
				DEVELOPMENT_ASSET_PATHS = "\"Brush Watch App/Preview Content\"";
				DEVELOPMENT_TEAM = D2S7U468WM;
				ENABLE_PREVIEWS = YES;
				GENERATE_INFOPLIST_FILE = YES;
				INFOPLIST_KEY_UISupportedInterfaceOrientations = "UIInterfaceOrientationPortrait UIInterfaceOrientationPortraitUpsideDown";
				INFOPLIST_KEY_WKCompanionAppBundleIdentifier = com.cxq.Brush;
				INFOPLIST_KEY_WKRunsIndependentlyOfCompanionApp = YES;
				LD_RUNPATH_SEARCH_PATHS = (
					"$(inherited)",
					"@executable_path/Frameworks",
				);
				MARKETING_VERSION = 1.0;
				PRODUCT_BUNDLE_IDENTIFIER = com.cxq.Brush.watchkitapp;
				PRODUCT_NAME = TuneBrush;
				SDKROOT = watchos;
				SKIP_INSTALL = YES;
				SWIFT_EMIT_LOC_STRINGS = YES;
				SWIFT_VERSION = 5.0;
				TARGETED_DEVICE_FAMILY = 4;
				WATCHOS_DEPLOYMENT_TARGET = 9.0;
			};
			name = Debug;
		};
		A0581FCA2A41DBF000710C4B /* Release */ = {
			isa = XCBuildConfiguration;
			buildSettings = {
				ASSETCATALOG_COMPILER_APPICON_NAME = AppIcon;
				ASSETCATALOG_COMPILER_GLOBAL_ACCENT_COLOR_NAME = AccentColor;
				CODE_SIGN_STYLE = Automatic;
				CURRENT_PROJECT_VERSION = 1;
				DEVELOPMENT_ASSET_PATHS = "\"Brush Watch App/Preview Content\"";
				DEVELOPMENT_TEAM = D2S7U468WM;
				ENABLE_PREVIEWS = YES;
				GENERATE_INFOPLIST_FILE = YES;
				INFOPLIST_KEY_UISupportedInterfaceOrientations = "UIInterfaceOrientationPortrait UIInterfaceOrientationPortraitUpsideDown";
				INFOPLIST_KEY_WKCompanionAppBundleIdentifier = com.cxq.Brush;
				INFOPLIST_KEY_WKRunsIndependentlyOfCompanionApp = YES;
				LD_RUNPATH_SEARCH_PATHS = (
					"$(inherited)",
					"@executable_path/Frameworks",
				);
				MARKETING_VERSION = 1.0;
				PRODUCT_BUNDLE_IDENTIFIER = com.cxq.Brush.watchkitapp;
				PRODUCT_NAME = TuneBrush;
				SDKROOT = watchos;
				SKIP_INSTALL = YES;
				SWIFT_EMIT_LOC_STRINGS = YES;
				SWIFT_VERSION = 5.0;
				TARGETED_DEVICE_FAMILY = 4;
				VALIDATE_PRODUCT = YES;
				WATCHOS_DEPLOYMENT_TARGET = 9.0;
			};
			name = Release;
		};
		A0581FCD2A41DBF000710C4B /* Debug */ = {
			isa = XCBuildConfiguration;
			buildSettings = {
				ALWAYS_EMBED_SWIFT_STANDARD_LIBRARIES = YES;
				ASSETCATALOG_COMPILER_APPICON_NAME = AppIcon;
				ASSETCATALOG_COMPILER_GLOBAL_ACCENT_COLOR_NAME = AccentColor;
				ASSETCATALOG_COMPILER_INCLUDE_ALL_APPICON_ASSETS = NO;
				CODE_SIGN_STYLE = Automatic;
				CURRENT_PROJECT_VERSION = 1;
				DEVELOPMENT_ASSET_PATHS = "\"Brush/Preview Content\"";
				DEVELOPMENT_TEAM = D2S7U468WM;
				ENABLE_PREVIEWS = YES;
				GENERATE_INFOPLIST_FILE = YES;
				INFOPLIST_KEY_CFBundleDisplayName = TuneBrush;
				INFOPLIST_KEY_LSApplicationCategoryType = "public.app-category.healthcare-fitness";
				INFOPLIST_KEY_UIApplicationSceneManifest_Generation = YES;
				INFOPLIST_KEY_UIApplicationSupportsIndirectInputEvents = YES;
				INFOPLIST_KEY_UILaunchScreen_Generation = YES;
				INFOPLIST_KEY_UIStatusBarStyle = "";
				INFOPLIST_KEY_UISupportedInterfaceOrientations_iPad = "UIInterfaceOrientationPortrait UIInterfaceOrientationPortraitUpsideDown UIInterfaceOrientationLandscapeLeft UIInterfaceOrientationLandscapeRight";
				INFOPLIST_KEY_UISupportedInterfaceOrientations_iPhone = "UIInterfaceOrientationPortrait UIInterfaceOrientationLandscapeLeft UIInterfaceOrientationLandscapeRight";
				IPHONEOS_DEPLOYMENT_TARGET = 16.0;
				LD_RUNPATH_SEARCH_PATHS = (
					"$(inherited)",
					"@executable_path/Frameworks",
				);
				MARKETING_VERSION = 1.0;
				PRODUCT_BUNDLE_IDENTIFIER = com.cxq.Brush;
				PRODUCT_NAME = "$(TARGET_NAME)";
				SDKROOT = iphoneos;
				SWIFT_EMIT_LOC_STRINGS = YES;
				SWIFT_VERSION = 5.0;
				TARGETED_DEVICE_FAMILY = "1,2";
			};
			name = Debug;
		};
		A0581FCE2A41DBF000710C4B /* Release */ = {
			isa = XCBuildConfiguration;
			buildSettings = {
				ALWAYS_EMBED_SWIFT_STANDARD_LIBRARIES = YES;
				ASSETCATALOG_COMPILER_APPICON_NAME = AppIcon;
				ASSETCATALOG_COMPILER_GLOBAL_ACCENT_COLOR_NAME = AccentColor;
				ASSETCATALOG_COMPILER_INCLUDE_ALL_APPICON_ASSETS = NO;
				CODE_SIGN_STYLE = Automatic;
				CURRENT_PROJECT_VERSION = 1;
				DEVELOPMENT_ASSET_PATHS = "\"Brush/Preview Content\"";
				DEVELOPMENT_TEAM = D2S7U468WM;
				ENABLE_PREVIEWS = YES;
				GENERATE_INFOPLIST_FILE = YES;
				INFOPLIST_KEY_CFBundleDisplayName = TuneBrush;
				INFOPLIST_KEY_LSApplicationCategoryType = "public.app-category.healthcare-fitness";
				INFOPLIST_KEY_UIApplicationSceneManifest_Generation = YES;
				INFOPLIST_KEY_UIApplicationSupportsIndirectInputEvents = YES;
				INFOPLIST_KEY_UILaunchScreen_Generation = YES;
				INFOPLIST_KEY_UIStatusBarStyle = "";
				INFOPLIST_KEY_UISupportedInterfaceOrientations_iPad = "UIInterfaceOrientationPortrait UIInterfaceOrientationPortraitUpsideDown UIInterfaceOrientationLandscapeLeft UIInterfaceOrientationLandscapeRight";
				INFOPLIST_KEY_UISupportedInterfaceOrientations_iPhone = "UIInterfaceOrientationPortrait UIInterfaceOrientationLandscapeLeft UIInterfaceOrientationLandscapeRight";
				IPHONEOS_DEPLOYMENT_TARGET = 16.0;
				LD_RUNPATH_SEARCH_PATHS = (
					"$(inherited)",
					"@executable_path/Frameworks",
				);
				MARKETING_VERSION = 1.0;
				PRODUCT_BUNDLE_IDENTIFIER = com.cxq.Brush;
				PRODUCT_NAME = "$(TARGET_NAME)";
				SDKROOT = iphoneos;
				SWIFT_EMIT_LOC_STRINGS = YES;
				SWIFT_VERSION = 5.0;
				TARGETED_DEVICE_FAMILY = "1,2";
				VALIDATE_PRODUCT = YES;
			};
			name = Release;
		};
		A0581FD02A41DBF000710C4B /* Debug */ = {
			isa = XCBuildConfiguration;
			buildSettings = {
				ALWAYS_EMBED_SWIFT_STANDARD_LIBRARIES = YES;
				BUNDLE_LOADER = "$(TEST_HOST)";
				CODE_SIGN_STYLE = Automatic;
				CURRENT_PROJECT_VERSION = 1;
				DEVELOPMENT_TEAM = D2S7U468WM;
				GENERATE_INFOPLIST_FILE = YES;
				IPHONEOS_DEPLOYMENT_TARGET = 16.0;
				MARKETING_VERSION = 1.0;
				PRODUCT_BUNDLE_IDENTIFIER = com.cxq.BrushTests;
				PRODUCT_NAME = "$(TARGET_NAME)";
				SDKROOT = iphoneos;
				SWIFT_EMIT_LOC_STRINGS = NO;
				SWIFT_VERSION = 5.0;
				TARGETED_DEVICE_FAMILY = "1,2";
				TEST_HOST = "$(BUILT_PRODUCTS_DIR)/Brush.app/$(BUNDLE_EXECUTABLE_FOLDER_PATH)/Brush";
			};
			name = Debug;
		};
		A0581FD12A41DBF000710C4B /* Release */ = {
			isa = XCBuildConfiguration;
			buildSettings = {
				ALWAYS_EMBED_SWIFT_STANDARD_LIBRARIES = YES;
				BUNDLE_LOADER = "$(TEST_HOST)";
				CODE_SIGN_STYLE = Automatic;
				CURRENT_PROJECT_VERSION = 1;
				DEVELOPMENT_TEAM = D2S7U468WM;
				GENERATE_INFOPLIST_FILE = YES;
				IPHONEOS_DEPLOYMENT_TARGET = 16.0;
				MARKETING_VERSION = 1.0;
				PRODUCT_BUNDLE_IDENTIFIER = com.cxq.BrushTests;
				PRODUCT_NAME = "$(TARGET_NAME)";
				SDKROOT = iphoneos;
				SWIFT_EMIT_LOC_STRINGS = NO;
				SWIFT_VERSION = 5.0;
				TARGETED_DEVICE_FAMILY = "1,2";
				TEST_HOST = "$(BUILT_PRODUCTS_DIR)/Brush.app/$(BUNDLE_EXECUTABLE_FOLDER_PATH)/Brush";
				VALIDATE_PRODUCT = YES;
			};
			name = Release;
		};
		A0581FD32A41DBF000710C4B /* Debug */ = {
			isa = XCBuildConfiguration;
			buildSettings = {
				ALWAYS_EMBED_SWIFT_STANDARD_LIBRARIES = YES;
				CODE_SIGN_STYLE = Automatic;
				CURRENT_PROJECT_VERSION = 1;
				DEVELOPMENT_TEAM = D2S7U468WM;
				GENERATE_INFOPLIST_FILE = YES;
				IPHONEOS_DEPLOYMENT_TARGET = 16.0;
				MARKETING_VERSION = 1.0;
				PRODUCT_BUNDLE_IDENTIFIER = com.cxq.BrushUITests;
				PRODUCT_NAME = "$(TARGET_NAME)";
				SDKROOT = iphoneos;
				SWIFT_EMIT_LOC_STRINGS = NO;
				SWIFT_VERSION = 5.0;
				TARGETED_DEVICE_FAMILY = "1,2";
				TEST_TARGET_NAME = Brush;
			};
			name = Debug;
		};
		A0581FD42A41DBF000710C4B /* Release */ = {
			isa = XCBuildConfiguration;
			buildSettings = {
				ALWAYS_EMBED_SWIFT_STANDARD_LIBRARIES = YES;
				CODE_SIGN_STYLE = Automatic;
				CURRENT_PROJECT_VERSION = 1;
				DEVELOPMENT_TEAM = D2S7U468WM;
				GENERATE_INFOPLIST_FILE = YES;
				IPHONEOS_DEPLOYMENT_TARGET = 16.0;
				MARKETING_VERSION = 1.0;
				PRODUCT_BUNDLE_IDENTIFIER = com.cxq.BrushUITests;
				PRODUCT_NAME = "$(TARGET_NAME)";
				SDKROOT = iphoneos;
				SWIFT_EMIT_LOC_STRINGS = NO;
				SWIFT_VERSION = 5.0;
				TARGETED_DEVICE_FAMILY = "1,2";
				TEST_TARGET_NAME = Brush;
				VALIDATE_PRODUCT = YES;
			};
			name = Release;
		};
		A0581FD62A41DBF000710C4B /* Debug */ = {
			isa = XCBuildConfiguration;
			buildSettings = {
				ALWAYS_EMBED_SWIFT_STANDARD_LIBRARIES = YES;
				BUNDLE_LOADER = "$(TEST_HOST)";
				CODE_SIGN_STYLE = Automatic;
				CURRENT_PROJECT_VERSION = 1;
				DEVELOPMENT_TEAM = D2S7U468WM;
				GENERATE_INFOPLIST_FILE = YES;
				MARKETING_VERSION = 1.0;
				PRODUCT_BUNDLE_IDENTIFIER = "com.cxq.Brush-Watch-AppTests";
				PRODUCT_NAME = "$(TARGET_NAME)";
				SDKROOT = watchos;
				SWIFT_EMIT_LOC_STRINGS = NO;
				SWIFT_VERSION = 5.0;
				TARGETED_DEVICE_FAMILY = 4;
				TEST_HOST = "$(BUILT_PRODUCTS_DIR)/Brush Watch App.app/$(BUNDLE_EXECUTABLE_FOLDER_PATH)/Brush Watch App";
				WATCHOS_DEPLOYMENT_TARGET = 9.0;
			};
			name = Debug;
		};
		A0581FD72A41DBF000710C4B /* Release */ = {
			isa = XCBuildConfiguration;
			buildSettings = {
				ALWAYS_EMBED_SWIFT_STANDARD_LIBRARIES = YES;
				BUNDLE_LOADER = "$(TEST_HOST)";
				CODE_SIGN_STYLE = Automatic;
				CURRENT_PROJECT_VERSION = 1;
				DEVELOPMENT_TEAM = D2S7U468WM;
				GENERATE_INFOPLIST_FILE = YES;
				MARKETING_VERSION = 1.0;
				PRODUCT_BUNDLE_IDENTIFIER = "com.cxq.Brush-Watch-AppTests";
				PRODUCT_NAME = "$(TARGET_NAME)";
				SDKROOT = watchos;
				SWIFT_EMIT_LOC_STRINGS = NO;
				SWIFT_VERSION = 5.0;
				TARGETED_DEVICE_FAMILY = 4;
				TEST_HOST = "$(BUILT_PRODUCTS_DIR)/Brush Watch App.app/$(BUNDLE_EXECUTABLE_FOLDER_PATH)/Brush Watch App";
				VALIDATE_PRODUCT = YES;
				WATCHOS_DEPLOYMENT_TARGET = 9.0;
			};
			name = Release;
		};
		A0581FD92A41DBF000710C4B /* Debug */ = {
			isa = XCBuildConfiguration;
			buildSettings = {
				ALWAYS_EMBED_SWIFT_STANDARD_LIBRARIES = YES;
				CODE_SIGN_STYLE = Automatic;
				CURRENT_PROJECT_VERSION = 1;
				DEVELOPMENT_TEAM = D2S7U468WM;
				GENERATE_INFOPLIST_FILE = YES;
				MARKETING_VERSION = 1.0;
				PRODUCT_BUNDLE_IDENTIFIER = "com.cxq.Brush-Watch-AppUITests";
				PRODUCT_NAME = "$(TARGET_NAME)";
				SDKROOT = watchos;
				SWIFT_EMIT_LOC_STRINGS = NO;
				SWIFT_VERSION = 5.0;
				TARGETED_DEVICE_FAMILY = 4;
				TEST_TARGET_NAME = "Brush Watch App";
				WATCHOS_DEPLOYMENT_TARGET = 9.0;
			};
			name = Debug;
		};
		A0581FDA2A41DBF000710C4B /* Release */ = {
			isa = XCBuildConfiguration;
			buildSettings = {
				ALWAYS_EMBED_SWIFT_STANDARD_LIBRARIES = YES;
				CODE_SIGN_STYLE = Automatic;
				CURRENT_PROJECT_VERSION = 1;
				DEVELOPMENT_TEAM = D2S7U468WM;
				GENERATE_INFOPLIST_FILE = YES;
				MARKETING_VERSION = 1.0;
				PRODUCT_BUNDLE_IDENTIFIER = "com.cxq.Brush-Watch-AppUITests";
				PRODUCT_NAME = "$(TARGET_NAME)";
				SDKROOT = watchos;
				SWIFT_EMIT_LOC_STRINGS = NO;
				SWIFT_VERSION = 5.0;
				TARGETED_DEVICE_FAMILY = 4;
				TEST_TARGET_NAME = "Brush Watch App";
				VALIDATE_PRODUCT = YES;
				WATCHOS_DEPLOYMENT_TARGET = 9.0;
			};
			name = Release;
		};
/* End XCBuildConfiguration section */

/* Begin XCConfigurationList section */
		A0581F772A41DBEF00710C4B /* Build configuration list for PBXProject "Brush" */ = {
			isa = XCConfigurationList;
			buildConfigurations = (
				A0581FC62A41DBF000710C4B /* Debug */,
				A0581FC72A41DBF000710C4B /* Release */,
			);
			defaultConfigurationIsVisible = 0;
			defaultConfigurationName = Release;
		};
		A0581FC82A41DBF000710C4B /* Build configuration list for PBXNativeTarget "Brush Watch App" */ = {
			isa = XCConfigurationList;
			buildConfigurations = (
				A0581FC92A41DBF000710C4B /* Debug */,
				A0581FCA2A41DBF000710C4B /* Release */,
			);
			defaultConfigurationIsVisible = 0;
			defaultConfigurationName = Release;
		};
		A0581FCC2A41DBF000710C4B /* Build configuration list for PBXNativeTarget "Brush" */ = {
			isa = XCConfigurationList;
			buildConfigurations = (
				A0581FCD2A41DBF000710C4B /* Debug */,
				A0581FCE2A41DBF000710C4B /* Release */,
			);
			defaultConfigurationIsVisible = 0;
			defaultConfigurationName = Release;
		};
		A0581FCF2A41DBF000710C4B /* Build configuration list for PBXNativeTarget "BrushTests" */ = {
			isa = XCConfigurationList;
			buildConfigurations = (
				A0581FD02A41DBF000710C4B /* Debug */,
				A0581FD12A41DBF000710C4B /* Release */,
			);
			defaultConfigurationIsVisible = 0;
			defaultConfigurationName = Release;
		};
		A0581FD22A41DBF000710C4B /* Build configuration list for PBXNativeTarget "BrushUITests" */ = {
			isa = XCConfigurationList;
			buildConfigurations = (
				A0581FD32A41DBF000710C4B /* Debug */,
				A0581FD42A41DBF000710C4B /* Release */,
			);
			defaultConfigurationIsVisible = 0;
			defaultConfigurationName = Release;
		};
		A0581FD52A41DBF000710C4B /* Build configuration list for PBXNativeTarget "Brush Watch AppTests" */ = {
			isa = XCConfigurationList;
			buildConfigurations = (
				A0581FD62A41DBF000710C4B /* Debug */,
				A0581FD72A41DBF000710C4B /* Release */,
			);
			defaultConfigurationIsVisible = 0;
			defaultConfigurationName = Release;
		};
		A0581FD82A41DBF000710C4B /* Build configuration list for PBXNativeTarget "Brush Watch AppUITests" */ = {
			isa = XCConfigurationList;
			buildConfigurations = (
				A0581FD92A41DBF000710C4B /* Debug */,
				A0581FDA2A41DBF000710C4B /* Release */,
			);
			defaultConfigurationIsVisible = 0;
			defaultConfigurationName = Release;
		};
/* End XCConfigurationList section */

/* Begin XCRemoteSwiftPackageReference section */
		A0581FDB2A41DC4900710C4B /* XCRemoteSwiftPackageReference "swift-composable-architecture" */ = {
			isa = XCRemoteSwiftPackageReference;
			repositoryURL = "https://github.com/pointfreeco/swift-composable-architecture";
			requirement = {
				kind = upToNextMajorVersion;
				minimumVersion = 0.54.1;
			};
		};
		A07ED39B2A7A777700466663 /* XCRemoteSwiftPackageReference "Moya" */ = {
			isa = XCRemoteSwiftPackageReference;
			repositoryURL = "https://github.com/Moya/Moya.git";
			requirement = {
				kind = upToNextMajorVersion;
				minimumVersion = 15.0.0;
			};
		};
		A0DA4B2C2A46CFAD009CA236 /* XCRemoteSwiftPackageReference "SwiftUIPager" */ = {
			isa = XCRemoteSwiftPackageReference;
			repositoryURL = "https://github.com/fermoya/SwiftUIPager.git";
			requirement = {
				kind = upToNextMajorVersion;
				minimumVersion = 2.0.0;
			};
		};
/* End XCRemoteSwiftPackageReference section */

/* Begin XCSwiftPackageProductDependency section */
		A0581FDC2A41DC4900710C4B /* ComposableArchitecture */ = {
			isa = XCSwiftPackageProductDependency;
			package = A0581FDB2A41DC4900710C4B /* XCRemoteSwiftPackageReference "swift-composable-architecture" */;
			productName = ComposableArchitecture;
		};
		A07ED39C2A7A777700466663 /* Moya */ = {
			isa = XCSwiftPackageProductDependency;
			package = A07ED39B2A7A777700466663 /* XCRemoteSwiftPackageReference "Moya" */;
			productName = Moya;
		};
		A0DA4B2D2A46CFAD009CA236 /* SwiftUIPager */ = {
			isa = XCSwiftPackageProductDependency;
			package = A0DA4B2C2A46CFAD009CA236 /* XCRemoteSwiftPackageReference "SwiftUIPager" */;
			productName = SwiftUIPager;
		};
/* End XCSwiftPackageProductDependency section */
	};
	rootObject = A0581F742A41DBEF00710C4B /* Project object */;
}
